schema: '2.0'
stages:
  ingestion:
    cmd: python src/document_iq_dl/components/data_ingestion.py
    deps:
    - path: data/raw/FUNSD
      hash: md5
      md5: 3ce75d0190cf7518f8ebaadd888fcf4b.dir
      size: 27779251
      nfiles: 400
    - path: src/document_iq_dl/components/data_ingestion.py
      hash: md5
      md5: 4aab42e719100a64841f6242e73e5602
      size: 1662
    outs:
    - path: data/interim/funsd_blocks.json
      hash: md5
      md5: db1a10196337f982f62c68a53ec6af12
      size: 1602102
  validation:
    cmd: python src/document_iq_dl/components/data_validation.py
    deps:
    - path: data/interim/funsd_blocks.json
      hash: md5
      md5: db1a10196337f982f62c68a53ec6af12
      size: 1602102
    - path: src/document_iq_dl/components/data_validation.py
      hash: md5
      md5: c5a2d155bea07bb3f61b27173efd871d
      size: 3338
    outs:
    - path: artifacts/validation_report.json
      hash: md5
      md5: 8b7839d6ffa7fd7b45882b9218009f0e
      size: 185
  transformation:
    cmd: python src/document_iq_dl/components/data_transformation.py
    deps:
    - path: data/interim/funsd_blocks.json
      hash: md5
      md5: db1a10196337f982f62c68a53ec6af12
      size: 1602102
    - path: src/document_iq_dl/components/data_transformation.py
      hash: md5
      md5: 4c045380b03d8ace51ba2c7685e27fe2
      size: 2418
    outs:
    - path: data/processed
      hash: md5
      md5: 5a26fa3f0d83b441dcda0fb8a28141f5.dir
      size: 144691626
      nfiles: 7412
