schema: '2.0'
stages:
  ingestion:
    cmd: python src/document_iq_dl/components/data_ingestion.py
    deps:
    - path: data/raw/FUNSD
      hash: md5
      md5: 3ce75d0190cf7518f8ebaadd888fcf4b.dir
      size: 27779251
      nfiles: 400
    - path: src/document_iq_dl/components/data_ingestion.py
      hash: md5
      md5: 4aab42e719100a64841f6242e73e5602
      size: 1662
    outs:
    - path: data/interim/funsd_blocks.json
      hash: md5
      md5: db1a10196337f982f62c68a53ec6af12
      size: 1602102
  validation:
    cmd: python src/document_iq_dl/components/data_validation.py
    deps:
    - path: data/interim/funsd_blocks.json
      hash: md5
      md5: db1a10196337f982f62c68a53ec6af12
      size: 1602102
    - path: src/document_iq_dl/components/data_validation.py
      hash: md5
      md5: c5a2d155bea07bb3f61b27173efd871d
      size: 3338
    outs:
    - path: artifacts/validation_report.json
      hash: md5
      md5: 8b7839d6ffa7fd7b45882b9218009f0e
      size: 185
  transformation:
    cmd: python src/document_iq_dl/components/data_transformation.py
    deps:
    - path: data/interim/funsd_blocks.json
      hash: md5
      md5: db1a10196337f982f62c68a53ec6af12
      size: 1602102
    - path: src/document_iq_dl/components/data_transformation.py
      hash: md5
      md5: 4c045380b03d8ace51ba2c7685e27fe2
      size: 2418
    outs:
    - path: data/processed
      hash: md5
      md5: 5a26fa3f0d83b441dcda0fb8a28141f5.dir
      size: 144691626
      nfiles: 7412
  training:
    cmd: python src/document_iq_dl/components/model_trainer.py
    deps:
    - path: configs/training.yaml
      hash: md5
      md5: 042b5631e952cecc9d47720966bf7d8b
      size: 339
    - path: data/processed
      hash: md5
      md5: 5a26fa3f0d83b441dcda0fb8a28141f5.dir
      size: 144691626
      nfiles: 7412
    - path: src/document_iq_dl/components/model_trainer.py
      hash: md5
      md5: 36fc21c33542ca595eefb277695af7fd
      size: 5475
    - path: src/document_iq_dl/datasets/funsd_dataset.py
      hash: md5
      md5: 8f8e161d928b4fbb646afedd0af553b4
      size: 1906
    - path: src/document_iq_dl/models/layout_classifier.py
      hash: md5
      md5: e368a19bfca09dc249bacbbf8837d4be
      size: 551
    outs:
    - path: artifacts/model
      hash: md5
      md5: 170e713214d6b581e45541ea487699d6.dir
      size: 44785111
      nfiles: 2
  evaluation:
    cmd: python src/document_iq_dl/components/model_evaluation.py
    deps:
    - path: artifacts/model
      hash: md5
      md5: 170e713214d6b581e45541ea487699d6.dir
      size: 44785111
      nfiles: 2
    - path: configs/training.yaml
      hash: md5
      md5: 042b5631e952cecc9d47720966bf7d8b
      size: 339
    - path: data/processed
      hash: md5
      md5: 5a26fa3f0d83b441dcda0fb8a28141f5.dir
      size: 144691626
      nfiles: 7412
    - path: src/document_iq_dl/components/model_evaluation.py
      hash: md5
      md5: 2c289c796ea75712d632c3075448d05a
      size: 3403
    outs:
    - path: artifacts/evaluation
      hash: md5
      md5: c2f1a139c280dc60676d37941f2c8406.dir
      size: 77
      nfiles: 1
